
Microsoft Visual Studio Solution File, Format Version 12.00
# Visual Studio Version 17
VisualStudioVersion = 17.3.32922.545
MinimumVisualStudioVersion = 10.0.40219.1
Project("{FAE04EC0-301F-11D3-BF4B-00C04F79EFBC}") = "taxcal", "taxcal\taxcal.csproj", "{89B62A46-DD8B-4CB8-959B-151B2258B88D}"
EndProject
Global
	GlobalSection(SolutionConfigurationPlatforms) = preSolution
		Debug|Any CPU = Debug|Any CPU
		Release|Any CPU = Release|Any CPU
	EndGlobalSection
	GlobalSection(ProjectConfigurationPlatforms) = postSolution
		{89B62A46-DD8B-4CB8-959B-151B2258B88D}.Debug|Any CPU.ActiveCfg = Debug|Any CPU
		{89B62A46-DD8B-4CB8-959B-151B2258B88D}.Debug|Any CPU.Build.0 = Debug|Any CPU
		{89B62A46-DD8B-4CB8-959B-151B2258B88D}.Release|Any CPU.ActiveCfg = Release|Any CPU
		{89B62A46-DD8B-4CB8-959B-151B2258B88D}.Release|Any CPU.Build.0 = Release|Any CPU
	EndGlobalSection
	GlobalSection(SolutionProperties) = preSolution
		HideSolutionNode = FALSE
	EndGlobalSection
	GlobalSection(ExtensibilityGlobals) = postSolution
		SolutionGuid = {C0574458-8CA6-4832-9D1C-0903BFD2B476}
	EndGlobalSection
EndGlobal
